PODS:
  - Flutter (1.0.0)
  - flutter_ijkplayer (0.0.1):
    - Flutter
    - FlutterIJK (~> 0.2.3)
  - FlutterIJK (0.2.3)
  - photo_manager (0.0.1):
    - Flutter

DEPENDENCIES:
  - Flutter (from `Flutter`)
  - flutter_ijkplayer (from `.symlinks/plugins/flutter_ijkplayer/ios`)
  - photo_manager (from `.symlinks/plugins/photo_manager/ios`)

SPEC REPOS:
  trunk:
    - FlutterIJK

EXTERNAL SOURCES:
  Flutter:
    :path: Flutter
  flutter_ijkplayer:
    :path: ".symlinks/plugins/flutter_ijkplayer/ios"
  photo_manager:
    :path: ".symlinks/plugins/photo_manager/ios"

SPEC CHECKSUMS:
  Flutter: 434fef37c0980e73bb6479ef766c45957d4b510c
  flutter_ijkplayer: a8f1ef22fa3e22e1ea80b70e6cb70b049cf88063
  FlutterIJK: f3715f94cea893b0e643b2b27b781033a1bb5007
  photo_manager: f7c619c2cc8c2adb8d85c63363babac477de9c67

PODFILE CHECKSUM: fe0e1ee7f3d1f7d00b11b474b62dd62134535aea

COCOAPODS: 1.10.1
