PODS:
  - Flutter (1.0.0)
  - flutter_ijkplayer (0.0.1):
    - Flutter
    - FlutterIJK (~> 0.2.3)
  - FlutterIJK (0.2.3)
  - photo_manager (0.0.1):
    - Flutter

DEPENDENCIES:
  - Flutter (from `Flutter`)
  - flutter_ijkplayer (from `/Volumes/Samsung-T5/code/flutter/plugins/flutter_ijkplayer/ios/flutter_ijkplayer.podspec`)
  - photo_manager (from `/Users/caijinglong/.pub-cache/git/flutter_photo_manager-15e4b37a4b3efc07b7500f94d316dfe02f1a324a/ios/photo_manager.podspec`)

SPEC REPOS:
  trunk:
    - FlutterIJK

EXTERNAL SOURCES:
  Flutter:
    :path: Flutter
  flutter_ijkplayer:
    :path: "/Volumes/Samsung-T5/code/flutter/plugins/flutter_ijkplayer/ios/flutter_ijkplayer.podspec"
  photo_manager:
    :path: "/Users/caijinglong/.pub-cache/git/flutter_photo_manager-15e4b37a4b3efc07b7500f94d316dfe02f1a324a/ios/photo_manager.podspec"

SPEC CHECKSUMS:
  Flutter: 0e3d915762c693b495b44d77113d4970485de6ec
  flutter_ijkplayer: a8f1ef22fa3e22e1ea80b70e6cb70b049cf88063
  FlutterIJK: f3715f94cea893b0e643b2b27b781033a1bb5007
  photo_manager: f7c619c2cc8c2adb8d85c63363babac477de9c67

PODFILE CHECKSUM: 806836eca77383388df20b27737ff664222206cd

COCOAPODS: 1.9.1
